
Microsoft Visual Studio Solution File, Format Version 12.00
# Visual Studio Version 17
VisualStudioVersion = 17.14.36511.14
MinimumVisualStudioVersion = 10.0.40219.1
Project("{FAE04EC0-301F-11D3-BF4B-00C04F79EFBC}") = "FUNewsManagement.Data", "FUNewsManagement.Data\FUNewsManagement.Data.csproj", "{C2B0D071-8216-4DFC-8C16-D594AA9BA4F6}"
EndProject
Project("{FAE04EC0-301F-11D3-BF4B-00C04F79EFBC}") = "FUNewsManagement.Repository", "FUNewsManagement.Reposity\FUNewsManagement.Repository.csproj", "{12CAD53A-386E-45E5-BACD-945B1FA39E93}"
EndProject
Project("{FAE04EC0-301F-11D3-BF4B-00C04F79EFBC}") = "PhamNgoBichTramRazorPages", "PhamNgoBichTramRazorPages\PhamNgoBichTramRazorPages.csproj", "{6D514A5B-74CD-4566-92C9-A3CE3450EEBF}"
EndProject
Project("{2150E333-8FDC-42A3-9474-1A3956D46DE8}") = "Solution Items", "Solution Items", "{8EC462FD-D22E-90A8-E5CE-7E832BA40C5D}"
	ProjectSection(SolutionItems) = preProject
		.gitignore = .gitignore
	EndProjectSection
EndProject
Global
	GlobalSection(SolutionConfigurationPlatforms) = preSolution
		Debug|Any CPU = Debug|Any CPU
		Release|Any CPU = Release|Any CPU
	EndGlobalSection
	GlobalSection(ProjectConfigurationPlatforms) = postSolution
		{C2B0D071-8216-4DFC-8C16-D594AA9BA4F6}.Debug|Any CPU.ActiveCfg = Debug|Any CPU
		{C2B0D071-8216-4DFC-8C16-D594AA9BA4F6}.Debug|Any CPU.Build.0 = Debug|Any CPU
		{C2B0D071-8216-4DFC-8C16-D594AA9BA4F6}.Release|Any CPU.ActiveCfg = Release|Any CPU
		{C2B0D071-8216-4DFC-8C16-D594AA9BA4F6}.Release|Any CPU.Build.0 = Release|Any CPU
		{12CAD53A-386E-45E5-BACD-945B1FA39E93}.Debug|Any CPU.ActiveCfg = Debug|Any CPU
		{12CAD53A-386E-45E5-BACD-945B1FA39E93}.Debug|Any CPU.Build.0 = Debug|Any CPU
		{12CAD53A-386E-45E5-BACD-945B1FA39E93}.Release|Any CPU.ActiveCfg = Release|Any CPU
		{12CAD53A-386E-45E5-BACD-945B1FA39E93}.Release|Any CPU.Build.0 = Release|Any CPU
		{6D514A5B-74CD-4566-92C9-A3CE3450EEBF}.Debug|Any CPU.ActiveCfg = Debug|Any CPU
		{6D514A5B-74CD-4566-92C9-A3CE3450EEBF}.Debug|Any CPU.Build.0 = Debug|Any CPU
		{6D514A5B-74CD-4566-92C9-A3CE3450EEBF}.Release|Any CPU.ActiveCfg = Release|Any CPU
		{6D514A5B-74CD-4566-92C9-A3CE3450EEBF}.Release|Any CPU.Build.0 = Release|Any CPU
	EndGlobalSection
	GlobalSection(SolutionProperties) = preSolution
		HideSolutionNode = FALSE
	EndGlobalSection
	GlobalSection(ExtensibilityGlobals) = postSolution
		SolutionGuid = {73BEB56A-CB93-4800-93B6-31E688D8B601}
	EndGlobalSection
EndGlobal
